
Microsoft Visual Studio Solution File, Format Version 12.00
# Visual Studio Version 17
VisualStudioVersion = 17.9.34728.123
MinimumVisualStudioVersion = 10.0.40219.1
Project("{8BC9CEB8-8B4A-11D0-8D11-00A0C91BC942}") = "usearraylist", "usearraylist\usearraylist.vcxproj", "{A2003FD7-E28F-44D8-8529-8793A20092AC}"
EndProject
Global
	GlobalSection(SolutionConfigurationPlatforms) = preSolution
		Debug|x64 = Debug|x64
		Debug|x86 = Debug|x86
		Release|x64 = Release|x64
		Release|x86 = Release|x86
	EndGlobalSection
	GlobalSection(ProjectConfigurationPlatforms) = postSolution
		{A2003FD7-E28F-44D8-8529-8793A20092AC}.Debug|x64.ActiveCfg = Debug|x64
		{A2003FD7-E28F-44D8-8529-8793A20092AC}.Debug|x64.Build.0 = Debug|x64
		{A2003FD7-E28F-44D8-8529-8793A20092AC}.Debug|x86.ActiveCfg = Debug|Win32
		{A2003FD7-E28F-44D8-8529-8793A20092AC}.Debug|x86.Build.0 = Debug|Win32
		{A2003FD7-E28F-44D8-8529-8793A20092AC}.Release|x64.ActiveCfg = Release|x64
		{A2003FD7-E28F-44D8-8529-8793A20092AC}.Release|x64.Build.0 = Release|x64
		{A2003FD7-E28F-44D8-8529-8793A20092AC}.Release|x86.ActiveCfg = Release|Win32
		{A2003FD7-E28F-44D8-8529-8793A20092AC}.Release|x86.Build.0 = Release|Win32
	EndGlobalSection
	GlobalSection(SolutionProperties) = preSolution
		HideSolutionNode = FALSE
	EndGlobalSection
	GlobalSection(ExtensibilityGlobals) = postSolution
		SolutionGuid = {CB1FD25B-0ED8-414C-95E3-9FB292FAED23}
	EndGlobalSection
EndGlobal
